// !$*UTF8*$!
{
	archiveVersion = 1;
	classes = {
	};
	objectVersion = 52;
	objects = {

/* Begin PBXBuildFile section */
		F21B0238259AC0AA00999C89 /* DayLog.swift in Sources */ = {isa = PBXBuildFile; fileRef = F21B0237259AC0AA00999C89 /* DayLog.swift */; };
		F21B0241259EAC7300999C89 /* FirebaseAnalytics in Frameworks */ = {isa = PBXBuildFile; productRef = F21B0240259EAC7300999C89 /* FirebaseAnalytics */; };
		F21B0243259EAC7300999C89 /* FirebaseFirestoreSwift-Beta in Frameworks */ = {isa = PBXBuildFile; productRef = F21B0242259EAC7300999C89 /* FirebaseFirestoreSwift-Beta */; };
		F21B0245259EAC7300999C89 /* FirebaseAuth in Frameworks */ = {isa = PBXBuildFile; productRef = F21B0244259EAC7300999C89 /* FirebaseAuth */; };
		F21B0247259EAC7300999C89 /* FirebaseFirestore in Frameworks */ = {isa = PBXBuildFile; productRef = F21B0246259EAC7300999C89 /* FirebaseFirestore */; };
		F21B0255259EB03E00999C89 /* DayLogRepository.swift in Sources */ = {isa = PBXBuildFile; fileRef = F21B0254259EB03E00999C89 /* DayLogRepository.swift */; };
		F21B025B259EC1B100999C89 /* Disk in Frameworks */ = {isa = PBXBuildFile; productRef = F21B025A259EC1B100999C89 /* Disk */; };
		F21B0264259ED70100999C89 /* FirebaseFunctions in Frameworks */ = {isa = PBXBuildFile; productRef = F21B0263259ED70100999C89 /* FirebaseFunctions */; };
		F21C4FAE25D501B700C3CBFA /* AddMemoView.swift in Sources */ = {isa = PBXBuildFile; fileRef = F21C4FAD25D501B700C3CBFA /* AddMemoView.swift */; };
		F21C4FB625D781C700C3CBFA /* SelectLogView.swift in Sources */ = {isa = PBXBuildFile; fileRef = F21C4FB525D781C700C3CBFA /* SelectLogView.swift */; };
		F21C4FC125D791A300C3CBFA /* AddLogHeader.swift in Sources */ = {isa = PBXBuildFile; fileRef = F21C4FC025D791A300C3CBFA /* AddLogHeader.swift */; };
		F21C4FCB25D7A87C00C3CBFA /* MonthlyLogListView.swift in Sources */ = {isa = PBXBuildFile; fileRef = F21C4FCA25D7A87C00C3CBFA /* MonthlyLogListView.swift */; };
		F21C4FD625D7A96400C3CBFA /* MonthlyLogListViewModel.swift in Sources */ = {isa = PBXBuildFile; fileRef = F21C4FD525D7A96400C3CBFA /* MonthlyLogListViewModel.swift */; };
		F21C4FE125DAACB800C3CBFA /* MonthlyLogCellViewModel.swift in Sources */ = {isa = PBXBuildFile; fileRef = F21C4FE025DAACB800C3CBFA /* MonthlyLogCellViewModel.swift */; };
		F21C4FE925DAC87400C3CBFA /* MonthlyLogCell.swift in Sources */ = {isa = PBXBuildFile; fileRef = F21C4FE825DAC87400C3CBFA /* MonthlyLogCell.swift */; };
		F22CC07F25A2DB73004DC9F1 /* DayLogCellViewModel.swift in Sources */ = {isa = PBXBuildFile; fileRef = F22CC07E25A2DB73004DC9F1 /* DayLogCellViewModel.swift */; };
		F22CC09025A2DE29004DC9F1 /* DayLogListViewModel.swift in Sources */ = {isa = PBXBuildFile; fileRef = F22CC08F25A2DE29004DC9F1 /* DayLogListViewModel.swift */; };
		F22CC09825A2DFEB004DC9F1 /* DayLogListView.swift in Sources */ = {isa = PBXBuildFile; fileRef = F22CC09725A2DFEB004DC9F1 /* DayLogListView.swift */; };
		F22CC0C125A75161004DC9F1 /* SegmentedPicker.swift in Sources */ = {isa = PBXBuildFile; fileRef = F22CC0C025A75161004DC9F1 /* SegmentedPicker.swift */; };
		F22EB1E1259F076F003FF8A9 /* Resolver in Frameworks */ = {isa = PBXBuildFile; productRef = F22EB1E0259F076F003FF8A9 /* Resolver */; };
		F22EB1E6259F084A003FF8A9 /* AuthenticationService.swift in Sources */ = {isa = PBXBuildFile; fileRef = F22EB1E5259F084A003FF8A9 /* AuthenticationService.swift */; };
		F22EB1EC259F1ED6003FF8A9 /* EnvironmentKeys.swift in Sources */ = {isa = PBXBuildFile; fileRef = F22EB1EB259F1ED6003FF8A9 /* EnvironmentKeys.swift */; };
		F22EB1F4259F204E003FF8A9 /* Publisher+Assign.swift in Sources */ = {isa = PBXBuildFile; fileRef = F22EB1F3259F204E003FF8A9 /* Publisher+Assign.swift */; };
		F22EB1F925A0099E003FF8A9 /* SignInWithAppleButton.swift in Sources */ = {isa = PBXBuildFile; fileRef = F22EB1F825A0099E003FF8A9 /* SignInWithAppleButton.swift */; };
		F22EB1FE25A019AC003FF8A9 /* SignInView.swift in Sources */ = {isa = PBXBuildFile; fileRef = F22EB1FD25A019AC003FF8A9 /* SignInView.swift */; };
		F22EB20625A19BED003FF8A9 /* SettingsView.swift in Sources */ = {isa = PBXBuildFile; fileRef = F22EB20525A19BED003FF8A9 /* SettingsView.swift */; };
		F22EB20B25A19C58003FF8A9 /* SettingsViewModel.swift in Sources */ = {isa = PBXBuildFile; fileRef = F22EB20A25A19C58003FF8A9 /* SettingsViewModel.swift */; };
		F22EB21925A2BDD4003FF8A9 /* GoogleService-Info.plist in Resources */ = {isa = PBXBuildFile; fileRef = F22EB21825A2BDD4003FF8A9 /* GoogleService-Info.plist */; };
		F22EB22225A2BEAB003FF8A9 /* LogApp+Injection.swift in Sources */ = {isa = PBXBuildFile; fileRef = F22EB22125A2BEAB003FF8A9 /* LogApp+Injection.swift */; };
		F22EB22B25A2C67B003FF8A9 /* Zebra.swift in Sources */ = {isa = PBXBuildFile; fileRef = F22EB22A25A2C67B003FF8A9 /* Zebra.swift */; };
		F2343B8B25AC381700C36011 /* SwiftDateStatic in Frameworks */ = {isa = PBXBuildFile; productRef = F2343B8A25AC381700C36011 /* SwiftDateStatic */; };
		F2343B9125ADE6F700C36011 /* Hero in Frameworks */ = {isa = PBXBuildFile; productRef = F2343B9025ADE6F700C36011 /* Hero */; };
		F2343B9625B59D3D00C36011 /* LogListView.swift in Sources */ = {isa = PBXBuildFile; fileRef = F2343B9525B59D3D00C36011 /* LogListView.swift */; };
		F24E172125C50AE50090439B /* AddTaskView.swift in Sources */ = {isa = PBXBuildFile; fileRef = F24E172025C50AE50090439B /* AddTaskView.swift */; };
		F24E173425C50E580090439B /* SetDateCell.swift in Sources */ = {isa = PBXBuildFile; fileRef = F24E173325C50E580090439B /* SetDateCell.swift */; };
		F24E173925C51CD50090439B /* SetDetailCell.swift in Sources */ = {isa = PBXBuildFile; fileRef = F24E173825C51CD50090439B /* SetDetailCell.swift */; };
		F24E173E25C523340090439B /* TextView.swift in Sources */ = {isa = PBXBuildFile; fileRef = F24E173D25C523340090439B /* TextView.swift */; };
		F268971225736B3900D23FBE /* LogApp.swift in Sources */ = {isa = PBXBuildFile; fileRef = F268971125736B3900D23FBE /* LogApp.swift */; };
		F268971625736B3B00D23FBE /* Assets.xcassets in Resources */ = {isa = PBXBuildFile; fileRef = F268971525736B3B00D23FBE /* Assets.xcassets */; };
		F268971925736B3B00D23FBE /* Preview Assets.xcassets in Resources */ = {isa = PBXBuildFile; fileRef = F268971825736B3B00D23FBE /* Preview Assets.xcassets */; };
		F268972425736B3B00D23FBE /* LogTests.swift in Sources */ = {isa = PBXBuildFile; fileRef = F268972325736B3B00D23FBE /* LogTests.swift */; };
		F268972F25736B3B00D23FBE /* LogUITests.swift in Sources */ = {isa = PBXBuildFile; fileRef = F268972E25736B3B00D23FBE /* LogUITests.swift */; };
		F268974025736C0D00D23FBE /* README.md in Resources */ = {isa = PBXBuildFile; fileRef = F268973F25736C0D00D23FBE /* README.md */; };
		F268974F2573785C00D23FBE /* DynamicColor in Frameworks */ = {isa = PBXBuildFile; productRef = F268974E2573785C00D23FBE /* DynamicColor */; };
		F29AC40325CC1C9F00012379 /* SetNotificationCell.swift in Sources */ = {isa = PBXBuildFile; fileRef = F29AC40225CC1C9F00012379 /* SetNotificationCell.swift */; };
		F29AC40E25CC236500012379 /* AddEventView.swift in Sources */ = {isa = PBXBuildFile; fileRef = F29AC40D25CC236500012379 /* AddEventView.swift */; };
		F29AC41925D2D6FF00012379 /* DayLogCell.swift in Sources */ = {isa = PBXBuildFile; fileRef = F29AC41825D2D6FF00012379 /* DayLogCell.swift */; };
		F2AFC9A525E69F57003F7D0A /* LogState.swift in Sources */ = {isa = PBXBuildFile; fileRef = F2AFC9A425E69F57003F7D0A /* LogState.swift */; };
		F2AFC9AD25E69F77003F7D0A /* LogSubState.swift in Sources */ = {isa = PBXBuildFile; fileRef = F2AFC9AC25E69F77003F7D0A /* LogSubState.swift */; };
		F2AFC9B225E6A117003F7D0A /* DateFormat.swift in Sources */ = {isa = PBXBuildFile; fileRef = F2AFC9B125E6A117003F7D0A /* DateFormat.swift */; };
		F2AFC9B725E6A31B003F7D0A /* TimeFormat.swift in Sources */ = {isa = PBXBuildFile; fileRef = F2AFC9B625E6A31B003F7D0A /* TimeFormat.swift */; };
		F2AFC9BC25E7F697003F7D0A /* AppTheme.swift in Sources */ = {isa = PBXBuildFile; fileRef = F2AFC9BB25E7F697003F7D0A /* AppTheme.swift */; };
		F2AFC9D125E7F88D003F7D0A /* AppIconListView.swift in Sources */ = {isa = PBXBuildFile; fileRef = F2AFC9D025E7F88D003F7D0A /* AppIconListView.swift */; };
		F2AFC9D925E7F8A6003F7D0A /* AppThemeListView.swift in Sources */ = {isa = PBXBuildFile; fileRef = F2AFC9D825E7F8A6003F7D0A /* AppThemeListView.swift */; };
		F2AFC9EB25EBD5DD003F7D0A /* AppThemeListViewModel.swift in Sources */ = {isa = PBXBuildFile; fileRef = F2AFC9EA25EBD5DD003F7D0A /* AppThemeListViewModel.swift */; };
		F2AFC9F325EBD5FC003F7D0A /* AppIconListViewModel.swift in Sources */ = {isa = PBXBuildFile; fileRef = F2AFC9F225EBD5FC003F7D0A /* AppIconListViewModel.swift */; };
		F2AFC9FB25EBE971003F7D0A /* UserDefaults+Helpers.swift in Sources */ = {isa = PBXBuildFile; fileRef = F2AFC9FA25EBE971003F7D0A /* UserDefaults+Helpers.swift */; };
		F2AFCA0025ED1DAE003F7D0A /* AppIcon.swift in Sources */ = {isa = PBXBuildFile; fileRef = F2AFC9FF25ED1DAE003F7D0A /* AppIcon.swift */; };
		F2D68AAB25E1F36D00DFA58C /* LocalNotificationManager.swift in Sources */ = {isa = PBXBuildFile; fileRef = F2D68AAA25E1F36D00DFA58C /* LocalNotificationManager.swift */; };
/* End PBXBuildFile section */

/* Begin PBXContainerItemProxy section */
		F268972025736B3B00D23FBE /* PBXContainerItemProxy */ = {
			isa = PBXContainerItemProxy;
			containerPortal = F268970625736B3900D23FBE /* Project object */;
			proxyType = 1;
			remoteGlobalIDString = F268970D25736B3900D23FBE;
			remoteInfo = Log;
		};
		F268972B25736B3B00D23FBE /* PBXContainerItemProxy */ = {
			isa = PBXContainerItemProxy;
			containerPortal = F268970625736B3900D23FBE /* Project object */;
			proxyType = 1;
			remoteGlobalIDString = F268970D25736B3900D23FBE;
			remoteInfo = Log;
		};
/* End PBXContainerItemProxy section */

/* Begin PBXFileReference section */
		F21B0237259AC0AA00999C89 /* DayLog.swift */ = {isa = PBXFileReference; lastKnownFileType = sourcecode.swift; path = DayLog.swift; sourceTree = "<group>"; };
		F21B0254259EB03E00999C89 /* DayLogRepository.swift */ = {isa = PBXFileReference; lastKnownFileType = sourcecode.swift; path = DayLogRepository.swift; sourceTree = "<group>"; };
		F21C4FAD25D501B700C3CBFA /* AddMemoView.swift */ = {isa = PBXFileReference; lastKnownFileType = sourcecode.swift; path = AddMemoView.swift; sourceTree = "<group>"; };
		F21C4FB525D781C700C3CBFA /* SelectLogView.swift */ = {isa = PBXFileReference; lastKnownFileType = sourcecode.swift; path = SelectLogView.swift; sourceTree = "<group>"; };
		F21C4FC025D791A300C3CBFA /* AddLogHeader.swift */ = {isa = PBXFileReference; lastKnownFileType = sourcecode.swift; path = AddLogHeader.swift; sourceTree = "<group>"; };
		F21C4FCA25D7A87C00C3CBFA /* MonthlyLogListView.swift */ = {isa = PBXFileReference; lastKnownFileType = sourcecode.swift; path = MonthlyLogListView.swift; sourceTree = "<group>"; };
		F21C4FD525D7A96400C3CBFA /* MonthlyLogListViewModel.swift */ = {isa = PBXFileReference; lastKnownFileType = sourcecode.swift; path = MonthlyLogListViewModel.swift; sourceTree = "<group>"; };
		F21C4FE025DAACB800C3CBFA /* MonthlyLogCellViewModel.swift */ = {isa = PBXFileReference; lastKnownFileType = sourcecode.swift; path = MonthlyLogCellViewModel.swift; sourceTree = "<group>"; };
		F21C4FE825DAC87400C3CBFA /* MonthlyLogCell.swift */ = {isa = PBXFileReference; lastKnownFileType = sourcecode.swift; path = MonthlyLogCell.swift; sourceTree = "<group>"; };
		F22CC07E25A2DB73004DC9F1 /* DayLogCellViewModel.swift */ = {isa = PBXFileReference; lastKnownFileType = sourcecode.swift; path = DayLogCellViewModel.swift; sourceTree = "<group>"; };
		F22CC08F25A2DE29004DC9F1 /* DayLogListViewModel.swift */ = {isa = PBXFileReference; lastKnownFileType = sourcecode.swift; path = DayLogListViewModel.swift; sourceTree = "<group>"; };
		F22CC09725A2DFEB004DC9F1 /* DayLogListView.swift */ = {isa = PBXFileReference; lastKnownFileType = sourcecode.swift; path = DayLogListView.swift; sourceTree = "<group>"; };
		F22CC0C025A75161004DC9F1 /* SegmentedPicker.swift */ = {isa = PBXFileReference; lastKnownFileType = sourcecode.swift; path = SegmentedPicker.swift; sourceTree = "<group>"; };
		F22EB1E5259F084A003FF8A9 /* AuthenticationService.swift */ = {isa = PBXFileReference; lastKnownFileType = sourcecode.swift; path = AuthenticationService.swift; sourceTree = "<group>"; };
		F22EB1EB259F1ED6003FF8A9 /* EnvironmentKeys.swift */ = {isa = PBXFileReference; lastKnownFileType = sourcecode.swift; path = EnvironmentKeys.swift; sourceTree = "<group>"; };
		F22EB1F3259F204E003FF8A9 /* Publisher+Assign.swift */ = {isa = PBXFileReference; lastKnownFileType = sourcecode.swift; path = "Publisher+Assign.swift"; sourceTree = "<group>"; };
		F22EB1F825A0099E003FF8A9 /* SignInWithAppleButton.swift */ = {isa = PBXFileReference; lastKnownFileType = sourcecode.swift; path = SignInWithAppleButton.swift; sourceTree = "<group>"; };
		F22EB1FD25A019AC003FF8A9 /* SignInView.swift */ = {isa = PBXFileReference; lastKnownFileType = sourcecode.swift; path = SignInView.swift; sourceTree = "<group>"; };
		F22EB20525A19BED003FF8A9 /* SettingsView.swift */ = {isa = PBXFileReference; lastKnownFileType = sourcecode.swift; path = SettingsView.swift; sourceTree = "<group>"; };
		F22EB20A25A19C58003FF8A9 /* SettingsViewModel.swift */ = {isa = PBXFileReference; lastKnownFileType = sourcecode.swift; path = SettingsViewModel.swift; sourceTree = "<group>"; };
		F22EB21825A2BDD4003FF8A9 /* GoogleService-Info.plist */ = {isa = PBXFileReference; lastKnownFileType = text.plist; path = "GoogleService-Info.plist"; sourceTree = SOURCE_ROOT; };
		F22EB22125A2BEAB003FF8A9 /* LogApp+Injection.swift */ = {isa = PBXFileReference; lastKnownFileType = sourcecode.swift; path = "LogApp+Injection.swift"; sourceTree = "<group>"; };
		F22EB22A25A2C67B003FF8A9 /* Zebra.swift */ = {isa = PBXFileReference; lastKnownFileType = sourcecode.swift; path = Zebra.swift; sourceTree = "<group>"; };
		F2343B9525B59D3D00C36011 /* LogListView.swift */ = {isa = PBXFileReference; lastKnownFileType = sourcecode.swift; path = LogListView.swift; sourceTree = "<group>"; };
		F24E172025C50AE50090439B /* AddTaskView.swift */ = {isa = PBXFileReference; lastKnownFileType = sourcecode.swift; path = AddTaskView.swift; sourceTree = "<group>"; };
		F24E173325C50E580090439B /* SetDateCell.swift */ = {isa = PBXFileReference; lastKnownFileType = sourcecode.swift; path = SetDateCell.swift; sourceTree = "<group>"; };
		F24E173825C51CD50090439B /* SetDetailCell.swift */ = {isa = PBXFileReference; lastKnownFileType = sourcecode.swift; path = SetDetailCell.swift; sourceTree = "<group>"; };
		F24E173D25C523340090439B /* TextView.swift */ = {isa = PBXFileReference; lastKnownFileType = sourcecode.swift; path = TextView.swift; sourceTree = "<group>"; };
		F268970E25736B3900D23FBE /* Log.app */ = {isa = PBXFileReference; explicitFileType = wrapper.application; includeInIndex = 0; path = Log.app; sourceTree = BUILT_PRODUCTS_DIR; };
		F268971125736B3900D23FBE /* LogApp.swift */ = {isa = PBXFileReference; lastKnownFileType = sourcecode.swift; path = LogApp.swift; sourceTree = "<group>"; };
		F268971525736B3B00D23FBE /* Assets.xcassets */ = {isa = PBXFileReference; lastKnownFileType = folder.assetcatalog; path = Assets.xcassets; sourceTree = "<group>"; };
		F268971825736B3B00D23FBE /* Preview Assets.xcassets */ = {isa = PBXFileReference; lastKnownFileType = folder.assetcatalog; path = "Preview Assets.xcassets"; sourceTree = "<group>"; };
		F268971A25736B3B00D23FBE /* Info.plist */ = {isa = PBXFileReference; lastKnownFileType = text.plist.xml; path = Info.plist; sourceTree = "<group>"; };
		F268971F25736B3B00D23FBE /* LogTests.xctest */ = {isa = PBXFileReference; explicitFileType = wrapper.cfbundle; includeInIndex = 0; path = LogTests.xctest; sourceTree = BUILT_PRODUCTS_DIR; };
		F268972325736B3B00D23FBE /* LogTests.swift */ = {isa = PBXFileReference; lastKnownFileType = sourcecode.swift; path = LogTests.swift; sourceTree = "<group>"; };
		F268972525736B3B00D23FBE /* Info.plist */ = {isa = PBXFileReference; lastKnownFileType = text.plist.xml; path = Info.plist; sourceTree = "<group>"; };
		F268972A25736B3B00D23FBE /* LogUITests.xctest */ = {isa = PBXFileReference; explicitFileType = wrapper.cfbundle; includeInIndex = 0; path = LogUITests.xctest; sourceTree = BUILT_PRODUCTS_DIR; };
		F268972E25736B3B00D23FBE /* LogUITests.swift */ = {isa = PBXFileReference; lastKnownFileType = sourcecode.swift; path = LogUITests.swift; sourceTree = "<group>"; };
		F268973025736B3B00D23FBE /* Info.plist */ = {isa = PBXFileReference; lastKnownFileType = text.plist.xml; path = Info.plist; sourceTree = "<group>"; };
		F268973F25736C0D00D23FBE /* README.md */ = {isa = PBXFileReference; fileEncoding = 4; lastKnownFileType = net.daringfireball.markdown; path = README.md; sourceTree = "<group>"; };
		F29AC40225CC1C9F00012379 /* SetNotificationCell.swift */ = {isa = PBXFileReference; lastKnownFileType = sourcecode.swift; path = SetNotificationCell.swift; sourceTree = "<group>"; };
		F29AC40D25CC236500012379 /* AddEventView.swift */ = {isa = PBXFileReference; lastKnownFileType = sourcecode.swift; path = AddEventView.swift; sourceTree = "<group>"; };
		F29AC41825D2D6FF00012379 /* DayLogCell.swift */ = {isa = PBXFileReference; lastKnownFileType = sourcecode.swift; path = DayLogCell.swift; sourceTree = "<group>"; };
		F2AFC9A425E69F57003F7D0A /* LogState.swift */ = {isa = PBXFileReference; lastKnownFileType = sourcecode.swift; path = LogState.swift; sourceTree = "<group>"; };
		F2AFC9AC25E69F77003F7D0A /* LogSubState.swift */ = {isa = PBXFileReference; lastKnownFileType = sourcecode.swift; path = LogSubState.swift; sourceTree = "<group>"; };
		F2AFC9B125E6A117003F7D0A /* DateFormat.swift */ = {isa = PBXFileReference; lastKnownFileType = sourcecode.swift; path = DateFormat.swift; sourceTree = "<group>"; };
		F2AFC9B625E6A31B003F7D0A /* TimeFormat.swift */ = {isa = PBXFileReference; lastKnownFileType = sourcecode.swift; path = TimeFormat.swift; sourceTree = "<group>"; };
		F2AFC9BB25E7F697003F7D0A /* AppTheme.swift */ = {isa = PBXFileReference; lastKnownFileType = sourcecode.swift; path = AppTheme.swift; sourceTree = "<group>"; };
		F2AFC9D025E7F88D003F7D0A /* AppIconListView.swift */ = {isa = PBXFileReference; lastKnownFileType = sourcecode.swift; path = AppIconListView.swift; sourceTree = "<group>"; };
		F2AFC9D825E7F8A6003F7D0A /* AppThemeListView.swift */ = {isa = PBXFileReference; lastKnownFileType = sourcecode.swift; path = AppThemeListView.swift; sourceTree = "<group>"; };
		F2AFC9EA25EBD5DD003F7D0A /* AppThemeListViewModel.swift */ = {isa = PBXFileReference; lastKnownFileType = sourcecode.swift; path = AppThemeListViewModel.swift; sourceTree = "<group>"; };
		F2AFC9F225EBD5FC003F7D0A /* AppIconListViewModel.swift */ = {isa = PBXFileReference; lastKnownFileType = sourcecode.swift; path = AppIconListViewModel.swift; sourceTree = "<group>"; };
		F2AFC9FA25EBE971003F7D0A /* UserDefaults+Helpers.swift */ = {isa = PBXFileReference; lastKnownFileType = sourcecode.swift; path = "UserDefaults+Helpers.swift"; sourceTree = "<group>"; };
		F2AFC9FF25ED1DAE003F7D0A /* AppIcon.swift */ = {isa = PBXFileReference; lastKnownFileType = sourcecode.swift; path = AppIcon.swift; sourceTree = "<group>"; };
		F2D68AAA25E1F36D00DFA58C /* LocalNotificationManager.swift */ = {isa = PBXFileReference; lastKnownFileType = sourcecode.swift; path = LocalNotificationManager.swift; sourceTree = "<group>"; };
/* End PBXFileReference section */

/* Begin PBXFrameworksBuildPhase section */
		F268970B25736B3900D23FBE /* Frameworks */ = {
			isa = PBXFrameworksBuildPhase;
			buildActionMask = 2147483647;
			files = (
				F21B0243259EAC7300999C89 /* FirebaseFirestoreSwift-Beta in Frameworks */,
				F21B0264259ED70100999C89 /* FirebaseFunctions in Frameworks */,
				F2343B8B25AC381700C36011 /* SwiftDateStatic in Frameworks */,
				F22EB1E1259F076F003FF8A9 /* Resolver in Frameworks */,
				F21B025B259EC1B100999C89 /* Disk in Frameworks */,
				F21B0241259EAC7300999C89 /* FirebaseAnalytics in Frameworks */,
				F268974F2573785C00D23FBE /* DynamicColor in Frameworks */,
				F21B0247259EAC7300999C89 /* FirebaseFirestore in Frameworks */,
				F2343B9125ADE6F700C36011 /* Hero in Frameworks */,
				F21B0245259EAC7300999C89 /* FirebaseAuth in Frameworks */,
			);
			runOnlyForDeploymentPostprocessing = 0;
		};
		F268971C25736B3B00D23FBE /* Frameworks */ = {
			isa = PBXFrameworksBuildPhase;
			buildActionMask = 2147483647;
			files = (
			);
			runOnlyForDeploymentPostprocessing = 0;
		};
		F268972725736B3B00D23FBE /* Frameworks */ = {
			isa = PBXFrameworksBuildPhase;
			buildActionMask = 2147483647;
			files = (
			);
			runOnlyForDeploymentPostprocessing = 0;
		};
/* End PBXFrameworksBuildPhase section */

/* Begin PBXGroup section */
		F21B0232259ABF8800999C89 /* Views */ = {
			isa = PBXGroup;
			children = (
				F22EB22925A2C456003FF8A9 /* AppIcon */,
				F29AC41D25D4FA7B00012379 /* Components */,
				F22EB1FD25A019AC003FF8A9 /* SignInView.swift */,
				F2343B9525B59D3D00C36011 /* LogListView.swift */,
				F22CC09725A2DFEB004DC9F1 /* DayLogListView.swift */,
				F21C4FCA25D7A87C00C3CBFA /* MonthlyLogListView.swift */,
				F21C4FB525D781C700C3CBFA /* SelectLogView.swift */,
				F24E172025C50AE50090439B /* AddTaskView.swift */,
				F29AC40D25CC236500012379 /* AddEventView.swift */,
				F21C4FAD25D501B700C3CBFA /* AddMemoView.swift */,
				F22EB20525A19BED003FF8A9 /* SettingsView.swift */,
				F2AFC9D825E7F8A6003F7D0A /* AppThemeListView.swift */,
				F2AFC9D025E7F88D003F7D0A /* AppIconListView.swift */,
			);
			path = Views;
			sourceTree = "<group>";
		};
		F21B0233259ABF9800999C89 /* ViewModels */ = {
			isa = PBXGroup;
			children = (
				F22CC08F25A2DE29004DC9F1 /* DayLogListViewModel.swift */,
				F21C4FD525D7A96400C3CBFA /* MonthlyLogListViewModel.swift */,
				F22CC07E25A2DB73004DC9F1 /* DayLogCellViewModel.swift */,
				F21C4FE025DAACB800C3CBFA /* MonthlyLogCellViewModel.swift */,
				F22EB20A25A19C58003FF8A9 /* SettingsViewModel.swift */,
				F2AFC9EA25EBD5DD003F7D0A /* AppThemeListViewModel.swift */,
				F2AFC9F225EBD5FC003F7D0A /* AppIconListViewModel.swift */,
			);
			path = ViewModels;
			sourceTree = "<group>";
		};
		F21B0234259ABFA500999C89 /* Models */ = {
			isa = PBXGroup;
			children = (
				F21B0237259AC0AA00999C89 /* DayLog.swift */,
			);
			path = Models;
			sourceTree = "<group>";
		};
		F21B0235259ABFB200999C89 /* Repositories */ = {
			isa = PBXGroup;
			children = (
				F21B0254259EB03E00999C89 /* DayLogRepository.swift */,
			);
			path = Repositories;
			sourceTree = "<group>";
		};
		F21B0236259ABFC000999C89 /* Services */ = {
			isa = PBXGroup;
			children = (
				F22EB1E5259F084A003FF8A9 /* AuthenticationService.swift */,
			);
			path = Services;
			sourceTree = "<group>";
		};
		F21B0262259ED70100999C89 /* Frameworks */ = {
			isa = PBXGroup;
			children = (
			);
			name = Frameworks;
			sourceTree = "<group>";
		};
		F22EB1EA259F1EBF003FF8A9 /* Utilities */ = {
			isa = PBXGroup;
			children = (
				F22EB1EB259F1ED6003FF8A9 /* EnvironmentKeys.swift */,
				F22EB1F3259F204E003FF8A9 /* Publisher+Assign.swift */,
				F2D68AAA25E1F36D00DFA58C /* LocalNotificationManager.swift */,
				F2AFC9FA25EBE971003F7D0A /* UserDefaults+Helpers.swift */,
			);
			path = Utilities;
			sourceTree = "<group>";
		};
		F22EB21D25A2BE72003FF8A9 /* App */ = {
			isa = PBXGroup;
			children = (
				F268971125736B3900D23FBE /* LogApp.swift */,
				F22EB22125A2BEAB003FF8A9 /* LogApp+Injection.swift */,
			);
			path = App;
			sourceTree = "<group>";
		};
		F22EB22925A2C456003FF8A9 /* AppIcon */ = {
			isa = PBXGroup;
			children = (
				F22EB22A25A2C67B003FF8A9 /* Zebra.swift */,
			);
			path = AppIcon;
			sourceTree = "<group>";
		};
		F268970525736B3900D23FBE = {
			isa = PBXGroup;
			children = (
				F268973F25736C0D00D23FBE /* README.md */,
				F268971025736B3900D23FBE /* Log */,
				F268972225736B3B00D23FBE /* LogTests */,
				F268972D25736B3B00D23FBE /* LogUITests */,
				F268970F25736B3900D23FBE /* Products */,
				F21B0262259ED70100999C89 /* Frameworks */,
			);
			sourceTree = "<group>";
		};
		F268970F25736B3900D23FBE /* Products */ = {
			isa = PBXGroup;
			children = (
				F268970E25736B3900D23FBE /* Log.app */,
				F268971F25736B3B00D23FBE /* LogTests.xctest */,
				F268972A25736B3B00D23FBE /* LogUITests.xctest */,
			);
			name = Products;
			sourceTree = "<group>";
		};
		F268971025736B3900D23FBE /* Log */ = {
			isa = PBXGroup;
			children = (
				F22EB21D25A2BE72003FF8A9 /* App */,
				F21B0234259ABFA500999C89 /* Models */,
				F2AFC9A325E69F38003F7D0A /* Enum */,
				F21B0235259ABFB200999C89 /* Repositories */,
				F21B0236259ABFC000999C89 /* Services */,
				F22EB1EA259F1EBF003FF8A9 /* Utilities */,
				F21B0233259ABF9800999C89 /* ViewModels */,
				F21B0232259ABF8800999C89 /* Views */,
				F268971525736B3B00D23FBE /* Assets.xcassets */,
				F268971A25736B3B00D23FBE /* Info.plist */,
				F22EB21825A2BDD4003FF8A9 /* GoogleService-Info.plist */,
				F268971725736B3B00D23FBE /* Preview Content */,
			);
			path = Log;
			sourceTree = "<group>";
		};
		F268971725736B3B00D23FBE /* Preview Content */ = {
			isa = PBXGroup;
			children = (
				F268971825736B3B00D23FBE /* Preview Assets.xcassets */,
			);
			path = "Preview Content";
			sourceTree = "<group>";
		};
		F268972225736B3B00D23FBE /* LogTests */ = {
			isa = PBXGroup;
			children = (
				F268972325736B3B00D23FBE /* LogTests.swift */,
				F268972525736B3B00D23FBE /* Info.plist */,
			);
			path = LogTests;
			sourceTree = "<group>";
		};
		F268972D25736B3B00D23FBE /* LogUITests */ = {
			isa = PBXGroup;
			children = (
				F268972E25736B3B00D23FBE /* LogUITests.swift */,
				F268973025736B3B00D23FBE /* Info.plist */,
			);
			path = LogUITests;
			sourceTree = "<group>";
		};
		F29AC41D25D4FA7B00012379 /* Components */ = {
			isa = PBXGroup;
			children = (
				F24E173D25C523340090439B /* TextView.swift */,
				F22EB1F825A0099E003FF8A9 /* SignInWithAppleButton.swift */,
				F24E173325C50E580090439B /* SetDateCell.swift */,
				F24E173825C51CD50090439B /* SetDetailCell.swift */,
				F29AC40225CC1C9F00012379 /* SetNotificationCell.swift */,
				F22CC0C025A75161004DC9F1 /* SegmentedPicker.swift */,
				F29AC41825D2D6FF00012379 /* DayLogCell.swift */,
				F21C4FE825DAC87400C3CBFA /* MonthlyLogCell.swift */,
				F21C4FC025D791A300C3CBFA /* AddLogHeader.swift */,
			);
			path = Components;
			sourceTree = "<group>";
		};
		F2AFC9A325E69F38003F7D0A /* Enum */ = {
			isa = PBXGroup;
			children = (
				F2AFC9A425E69F57003F7D0A /* LogState.swift */,
				F2AFC9AC25E69F77003F7D0A /* LogSubState.swift */,
				F2AFC9BB25E7F697003F7D0A /* AppTheme.swift */,
				F2AFC9FF25ED1DAE003F7D0A /* AppIcon.swift */,
				F2AFC9B125E6A117003F7D0A /* DateFormat.swift */,
				F2AFC9B625E6A31B003F7D0A /* TimeFormat.swift */,
			);
			path = Enum;
			sourceTree = "<group>";
		};
/* End PBXGroup section */

/* Begin PBXNativeTarget section */
		F268970D25736B3900D23FBE /* Log */ = {
			isa = PBXNativeTarget;
			buildConfigurationList = F268973325736B3B00D23FBE /* Build configuration list for PBXNativeTarget "Log" */;
			buildPhases = (
				F268970A25736B3900D23FBE /* Sources */,
				F268970B25736B3900D23FBE /* Frameworks */,
				F268970C25736B3900D23FBE /* Resources */,
			);
			buildRules = (
			);
			dependencies = (
			);
			name = Log;
			packageProductDependencies = (
				F268974E2573785C00D23FBE /* DynamicColor */,
				F21B0240259EAC7300999C89 /* FirebaseAnalytics */,
				F21B0242259EAC7300999C89 /* FirebaseFirestoreSwift-Beta */,
				F21B0244259EAC7300999C89 /* FirebaseAuth */,
				F21B0246259EAC7300999C89 /* FirebaseFirestore */,
				F21B025A259EC1B100999C89 /* Disk */,
				F21B0263259ED70100999C89 /* FirebaseFunctions */,
				F22EB1E0259F076F003FF8A9 /* Resolver */,
				F2343B8A25AC381700C36011 /* SwiftDateStatic */,
				F2343B9025ADE6F700C36011 /* Hero */,
			);
			productName = Log;
			productReference = F268970E25736B3900D23FBE /* Log.app */;
			productType = "com.apple.product-type.application";
		};
		F268971E25736B3B00D23FBE /* LogTests */ = {
			isa = PBXNativeTarget;
			buildConfigurationList = F268973625736B3B00D23FBE /* Build configuration list for PBXNativeTarget "LogTests" */;
			buildPhases = (
				F268971B25736B3B00D23FBE /* Sources */,
				F268971C25736B3B00D23FBE /* Frameworks */,
				F268971D25736B3B00D23FBE /* Resources */,
			);
			buildRules = (
			);
			dependencies = (
				F268972125736B3B00D23FBE /* PBXTargetDependency */,
			);
			name = LogTests;
			productName = LogTests;
			productReference = F268971F25736B3B00D23FBE /* LogTests.xctest */;
			productType = "com.apple.product-type.bundle.unit-test";
		};
		F268972925736B3B00D23FBE /* LogUITests */ = {
			isa = PBXNativeTarget;
			buildConfigurationList = F268973925736B3B00D23FBE /* Build configuration list for PBXNativeTarget "LogUITests" */;
			buildPhases = (
				F268972625736B3B00D23FBE /* Sources */,
				F268972725736B3B00D23FBE /* Frameworks */,
				F268972825736B3B00D23FBE /* Resources */,
			);
			buildRules = (
			);
			dependencies = (
				F268972C25736B3B00D23FBE /* PBXTargetDependency */,
			);
			name = LogUITests;
			productName = LogUITests;
			productReference = F268972A25736B3B00D23FBE /* LogUITests.xctest */;
			productType = "com.apple.product-type.bundle.ui-testing";
		};
/* End PBXNativeTarget section */

/* Begin PBXProject section */
		F268970625736B3900D23FBE /* Project object */ = {
			isa = PBXProject;
			attributes = {
				LastSwiftUpdateCheck = 1220;
				LastUpgradeCheck = 1220;
				TargetAttributes = {
					F268970D25736B3900D23FBE = {
						CreatedOnToolsVersion = 12.2;
					};
					F268971E25736B3B00D23FBE = {
						CreatedOnToolsVersion = 12.2;
						TestTargetID = F268970D25736B3900D23FBE;
					};
					F268972925736B3B00D23FBE = {
						CreatedOnToolsVersion = 12.2;
						TestTargetID = F268970D25736B3900D23FBE;
					};
				};
			};
			buildConfigurationList = F268970925736B3900D23FBE /* Build configuration list for PBXProject "Log" */;
			compatibilityVersion = "Xcode 9.3";
			developmentRegion = en;
			hasScannedForEncodings = 0;
			knownRegions = (
				en,
				Base,
			);
			mainGroup = F268970525736B3900D23FBE;
			packageReferences = (
				F268974D2573785C00D23FBE /* XCRemoteSwiftPackageReference "DynamicColor" */,
				F21B023F259EAC7300999C89 /* XCRemoteSwiftPackageReference "firebase-ios-sdk" */,
				F21B0259259EC1B100999C89 /* XCRemoteSwiftPackageReference "Disk" */,
				F22EB1DF259F076F003FF8A9 /* XCRemoteSwiftPackageReference "Resolver" */,
				F2343B8925AC381700C36011 /* XCRemoteSwiftPackageReference "SwiftDate" */,
				F2343B8F25ADE6F700C36011 /* XCRemoteSwiftPackageReference "Hero" */,
			);
			productRefGroup = F268970F25736B3900D23FBE /* Products */;
			projectDirPath = "";
			projectRoot = "";
			targets = (
				F268970D25736B3900D23FBE /* Log */,
				F268971E25736B3B00D23FBE /* LogTests */,
				F268972925736B3B00D23FBE /* LogUITests */,
			);
		};
/* End PBXProject section */

/* Begin PBXResourcesBuildPhase section */
		F268970C25736B3900D23FBE /* Resources */ = {
			isa = PBXResourcesBuildPhase;
			buildActionMask = 2147483647;
			files = (
				F268974025736C0D00D23FBE /* README.md in Resources */,
				F22EB21925A2BDD4003FF8A9 /* GoogleService-Info.plist in Resources */,
				F268971925736B3B00D23FBE /* Preview Assets.xcassets in Resources */,
				F268971625736B3B00D23FBE /* Assets.xcassets in Resources */,
			);
			runOnlyForDeploymentPostprocessing = 0;
		};
		F268971D25736B3B00D23FBE /* Resources */ = {
			isa = PBXResourcesBuildPhase;
			buildActionMask = 2147483647;
			files = (
			);
			runOnlyForDeploymentPostprocessing = 0;
		};
		F268972825736B3B00D23FBE /* Resources */ = {
			isa = PBXResourcesBuildPhase;
			buildActionMask = 2147483647;
			files = (
			);
			runOnlyForDeploymentPostprocessing = 0;
		};
/* End PBXResourcesBuildPhase section */

/* Begin PBXSourcesBuildPhase section */
		F268970A25736B3900D23FBE /* Sources */ = {
			isa = PBXSourcesBuildPhase;
			buildActionMask = 2147483647;
			files = (
				F22EB1FE25A019AC003FF8A9 /* SignInView.swift in Sources */,
				F21C4FE125DAACB800C3CBFA /* MonthlyLogCellViewModel.swift in Sources */,
				F22EB22B25A2C67B003FF8A9 /* Zebra.swift in Sources */,
				F2AFC9BC25E7F697003F7D0A /* AppTheme.swift in Sources */,
				F22EB1F925A0099E003FF8A9 /* SignInWithAppleButton.swift in Sources */,
				F24E173E25C523340090439B /* TextView.swift in Sources */,
				F24E172125C50AE50090439B /* AddTaskView.swift in Sources */,
				F2D68AAB25E1F36D00DFA58C /* LocalNotificationManager.swift in Sources */,
				F22EB1F4259F204E003FF8A9 /* Publisher+Assign.swift in Sources */,
				F2AFC9F325EBD5FC003F7D0A /* AppIconListViewModel.swift in Sources */,
				F2343B9625B59D3D00C36011 /* LogListView.swift in Sources */,
				F22CC09825A2DFEB004DC9F1 /* DayLogListView.swift in Sources */,
				F21B0255259EB03E00999C89 /* DayLogRepository.swift in Sources */,
				F22EB20625A19BED003FF8A9 /* SettingsView.swift in Sources */,
				F268971225736B3900D23FBE /* LogApp.swift in Sources */,
				F2AFC9B225E6A117003F7D0A /* DateFormat.swift in Sources */,
				F24E173425C50E580090439B /* SetDateCell.swift in Sources */,
				F2AFC9B725E6A31B003F7D0A /* TimeFormat.swift in Sources */,
				F2AFCA0025ED1DAE003F7D0A /* AppIcon.swift in Sources */,
				F22EB1EC259F1ED6003FF8A9 /* EnvironmentKeys.swift in Sources */,
				F22CC09025A2DE29004DC9F1 /* DayLogListViewModel.swift in Sources */,
				F29AC41925D2D6FF00012379 /* DayLogCell.swift in Sources */,
				F24E173925C51CD50090439B /* SetDetailCell.swift in Sources */,
				F29AC40325CC1C9F00012379 /* SetNotificationCell.swift in Sources */,
				F22CC0C125A75161004DC9F1 /* SegmentedPicker.swift in Sources */,
				F22EB20B25A19C58003FF8A9 /* SettingsViewModel.swift in Sources */,
				F2AFC9EB25EBD5DD003F7D0A /* AppThemeListViewModel.swift in Sources */,
				F2AFC9A525E69F57003F7D0A /* LogState.swift in Sources */,
				F22EB22225A2BEAB003FF8A9 /* LogApp+Injection.swift in Sources */,
				F21C4FAE25D501B700C3CBFA /* AddMemoView.swift in Sources */,
				F21C4FC125D791A300C3CBFA /* AddLogHeader.swift in Sources */,
				F21C4FD625D7A96400C3CBFA /* MonthlyLogListViewModel.swift in Sources */,
				F21C4FB625D781C700C3CBFA /* SelectLogView.swift in Sources */,
				F2AFC9D125E7F88D003F7D0A /* AppIconListView.swift in Sources */,
				F21C4FCB25D7A87C00C3CBFA /* MonthlyLogListView.swift in Sources */,
				F29AC40E25CC236500012379 /* AddEventView.swift in Sources */,
				F2AFC9D925E7F8A6003F7D0A /* AppThemeListView.swift in Sources */,
				F2AFC9FB25EBE971003F7D0A /* UserDefaults+Helpers.swift in Sources */,
				F21B0238259AC0AA00999C89 /* DayLog.swift in Sources */,
				F21C4FE925DAC87400C3CBFA /* MonthlyLogCell.swift in Sources */,
				F22EB1E6259F084A003FF8A9 /* AuthenticationService.swift in Sources */,
				F22CC07F25A2DB73004DC9F1 /* DayLogCellViewModel.swift in Sources */,
				F2AFC9AD25E69F77003F7D0A /* LogSubState.swift in Sources */,
			);
			runOnlyForDeploymentPostprocessing = 0;
		};
		F268971B25736B3B00D23FBE /* Sources */ = {
			isa = PBXSourcesBuildPhase;
			buildActionMask = 2147483647;
			files = (
				F268972425736B3B00D23FBE /* LogTests.swift in Sources */,
			);
			runOnlyForDeploymentPostprocessing = 0;
		};
		F268972625736B3B00D23FBE /* Sources */ = {
			isa = PBXSourcesBuildPhase;
			buildActionMask = 2147483647;
			files = (
				F268972F25736B3B00D23FBE /* LogUITests.swift in Sources */,
			);
			runOnlyForDeploymentPostprocessing = 0;
		};
/* End PBXSourcesBuildPhase section */

/* Begin PBXTargetDependency section */
		F268972125736B3B00D23FBE /* PBXTargetDependency */ = {
			isa = PBXTargetDependency;
			target = F268970D25736B3900D23FBE /* Log */;
			targetProxy = F268972025736B3B00D23FBE /* PBXContainerItemProxy */;
		};
		F268972C25736B3B00D23FBE /* PBXTargetDependency */ = {
			isa = PBXTargetDependency;
			target = F268970D25736B3900D23FBE /* Log */;
			targetProxy = F268972B25736B3B00D23FBE /* PBXContainerItemProxy */;
		};
/* End PBXTargetDependency section */

/* Begin XCBuildConfiguration section */
		F268973125736B3B00D23FBE /* Debug */ = {
			isa = XCBuildConfiguration;
			buildSettings = {
				ALWAYS_SEARCH_USER_PATHS = NO;
				CLANG_ANALYZER_NONNULL = YES;
				CLANG_ANALYZER_NUMBER_OBJECT_CONVERSION = YES_AGGRESSIVE;
				CLANG_CXX_LANGUAGE_STANDARD = "gnu++14";
				CLANG_CXX_LIBRARY = "libc++";
				CLANG_ENABLE_MODULES = YES;
				CLANG_ENABLE_OBJC_ARC = YES;
				CLANG_ENABLE_OBJC_WEAK = YES;
				CLANG_WARN_BLOCK_CAPTURE_AUTORELEASING = YES;
				CLANG_WARN_BOOL_CONVERSION = YES;
				CLANG_WARN_COMMA = YES;
				CLANG_WARN_CONSTANT_CONVERSION = YES;
				CLANG_WARN_DEPRECATED_OBJC_IMPLEMENTATIONS = YES;
				CLANG_WARN_DIRECT_OBJC_ISA_USAGE = YES_ERROR;
				CLANG_WARN_DOCUMENTATION_COMMENTS = YES;
				CLANG_WARN_EMPTY_BODY = YES;
				CLANG_WARN_ENUM_CONVERSION = YES;
				CLANG_WARN_INFINITE_RECURSION = YES;
				CLANG_WARN_INT_CONVERSION = YES;
				CLANG_WARN_NON_LITERAL_NULL_CONVERSION = YES;
				CLANG_WARN_OBJC_IMPLICIT_RETAIN_SELF = YES;
				CLANG_WARN_OBJC_LITERAL_CONVERSION = YES;
				CLANG_WARN_OBJC_ROOT_CLASS = YES_ERROR;
				CLANG_WARN_QUOTED_INCLUDE_IN_FRAMEWORK_HEADER = YES;
				CLANG_WARN_RANGE_LOOP_ANALYSIS = YES;
				CLANG_WARN_STRICT_PROTOTYPES = YES;
				CLANG_WARN_SUSPICIOUS_MOVE = YES;
				CLANG_WARN_UNGUARDED_AVAILABILITY = YES_AGGRESSIVE;
				CLANG_WARN_UNREACHABLE_CODE = YES;
				CLANG_WARN__DUPLICATE_METHOD_MATCH = YES;
				COPY_PHASE_STRIP = NO;
				DEBUG_INFORMATION_FORMAT = dwarf;
				ENABLE_STRICT_OBJC_MSGSEND = YES;
				ENABLE_TESTABILITY = YES;
				GCC_C_LANGUAGE_STANDARD = gnu11;
				GCC_DYNAMIC_NO_PIC = NO;
				GCC_NO_COMMON_BLOCKS = YES;
				GCC_OPTIMIZATION_LEVEL = 0;
				GCC_PREPROCESSOR_DEFINITIONS = (
					"DEBUG=1",
					"$(inherited)",
				);
				GCC_WARN_64_TO_32_BIT_CONVERSION = YES;
				GCC_WARN_ABOUT_RETURN_TYPE = YES_ERROR;
				GCC_WARN_UNDECLARED_SELECTOR = YES;
				GCC_WARN_UNINITIALIZED_AUTOS = YES_AGGRESSIVE;
				GCC_WARN_UNUSED_FUNCTION = YES;
				GCC_WARN_UNUSED_VARIABLE = YES;
				IPHONEOS_DEPLOYMENT_TARGET = 14.2;
				MTL_ENABLE_DEBUG_INFO = INCLUDE_SOURCE;
				MTL_FAST_MATH = YES;
				ONLY_ACTIVE_ARCH = YES;
				SDKROOT = iphoneos;
				SWIFT_ACTIVE_COMPILATION_CONDITIONS = DEBUG;
				SWIFT_OPTIMIZATION_LEVEL = "-Onone";
			};
			name = Debug;
		};
		F268973225736B3B00D23FBE /* Release */ = {
			isa = XCBuildConfiguration;
			buildSettings = {
				ALWAYS_SEARCH_USER_PATHS = NO;
				CLANG_ANALYZER_NONNULL = YES;
				CLANG_ANALYZER_NUMBER_OBJECT_CONVERSION = YES_AGGRESSIVE;
				CLANG_CXX_LANGUAGE_STANDARD = "gnu++14";
				CLANG_CXX_LIBRARY = "libc++";
				CLANG_ENABLE_MODULES = YES;
				CLANG_ENABLE_OBJC_ARC = YES;
				CLANG_ENABLE_OBJC_WEAK = YES;
				CLANG_WARN_BLOCK_CAPTURE_AUTORELEASING = YES;
				CLANG_WARN_BOOL_CONVERSION = YES;
				CLANG_WARN_COMMA = YES;
				CLANG_WARN_CONSTANT_CONVERSION = YES;
				CLANG_WARN_DEPRECATED_OBJC_IMPLEMENTATIONS = YES;
				CLANG_WARN_DIRECT_OBJC_ISA_USAGE = YES_ERROR;
				CLANG_WARN_DOCUMENTATION_COMMENTS = YES;
				CLANG_WARN_EMPTY_BODY = YES;
				CLANG_WARN_ENUM_CONVERSION = YES;
				CLANG_WARN_INFINITE_RECURSION = YES;
				CLANG_WARN_INT_CONVERSION = YES;
				CLANG_WARN_NON_LITERAL_NULL_CONVERSION = YES;
				CLANG_WARN_OBJC_IMPLICIT_RETAIN_SELF = YES;
				CLANG_WARN_OBJC_LITERAL_CONVERSION = YES;
				CLANG_WARN_OBJC_ROOT_CLASS = YES_ERROR;
				CLANG_WARN_QUOTED_INCLUDE_IN_FRAMEWORK_HEADER = YES;
				CLANG_WARN_RANGE_LOOP_ANALYSIS = YES;
				CLANG_WARN_STRICT_PROTOTYPES = YES;
				CLANG_WARN_SUSPICIOUS_MOVE = YES;
				CLANG_WARN_UNGUARDED_AVAILABILITY = YES_AGGRESSIVE;
				CLANG_WARN_UNREACHABLE_CODE = YES;
				CLANG_WARN__DUPLICATE_METHOD_MATCH = YES;
				COPY_PHASE_STRIP = NO;
				DEBUG_INFORMATION_FORMAT = "dwarf-with-dsym";
				ENABLE_NS_ASSERTIONS = NO;
				ENABLE_STRICT_OBJC_MSGSEND = YES;
				GCC_C_LANGUAGE_STANDARD = gnu11;
				GCC_NO_COMMON_BLOCKS = YES;
				GCC_WARN_64_TO_32_BIT_CONVERSION = YES;
				GCC_WARN_ABOUT_RETURN_TYPE = YES_ERROR;
				GCC_WARN_UNDECLARED_SELECTOR = YES;
				GCC_WARN_UNINITIALIZED_AUTOS = YES_AGGRESSIVE;
				GCC_WARN_UNUSED_FUNCTION = YES;
				GCC_WARN_UNUSED_VARIABLE = YES;
				IPHONEOS_DEPLOYMENT_TARGET = 14.2;
				MTL_ENABLE_DEBUG_INFO = NO;
				MTL_FAST_MATH = YES;
				SDKROOT = iphoneos;
				SWIFT_COMPILATION_MODE = wholemodule;
				SWIFT_OPTIMIZATION_LEVEL = "-O";
				VALIDATE_PRODUCT = YES;
			};
			name = Release;
		};
		F268973425736B3B00D23FBE /* Debug */ = {
			isa = XCBuildConfiguration;
			buildSettings = {
				ASSETCATALOG_COMPILER_APPICON_NAME = AppIcon;
				ASSETCATALOG_COMPILER_GLOBAL_ACCENT_COLOR_NAME = AccentColor;
				CODE_SIGN_STYLE = Automatic;
				CURRENT_PROJECT_VERSION = 1.0.0.0;
				DEVELOPMENT_ASSET_PATHS = "\"Log/Preview Content\"";
				DEVELOPMENT_TEAM = CWW3CV2X72;
				ENABLE_PREVIEWS = YES;
				INFOPLIST_FILE = Log/Info.plist;
				IPHONEOS_DEPLOYMENT_TARGET = 14.0;
				LD_RUNPATH_SEARCH_PATHS = (
					"$(inherited)",
					"@executable_path/Frameworks",
				);
				MARKETING_VERSION = 1.0.0;
				PRODUCT_BUNDLE_IDENTIFIER = ind.azumax.Zebra;
				PRODUCT_NAME = "$(TARGET_NAME)";
				SWIFT_VERSION = 5.0;
				TARGETED_DEVICE_FAMILY = "1,2";
			};
			name = Debug;
		};
		F268973525736B3B00D23FBE /* Release */ = {
			isa = XCBuildConfiguration;
			buildSettings = {
				ASSETCATALOG_COMPILER_APPICON_NAME = AppIcon;
				ASSETCATALOG_COMPILER_GLOBAL_ACCENT_COLOR_NAME = AccentColor;
				CODE_SIGN_STYLE = Automatic;
				CURRENT_PROJECT_VERSION = 1.0.0.0;
				DEVELOPMENT_ASSET_PATHS = "\"Log/Preview Content\"";
				DEVELOPMENT_TEAM = CWW3CV2X72;
				ENABLE_PREVIEWS = YES;
				INFOPLIST_FILE = Log/Info.plist;
				IPHONEOS_DEPLOYMENT_TARGET = 14.0;
				LD_RUNPATH_SEARCH_PATHS = (
					"$(inherited)",
					"@executable_path/Frameworks",
				);
				MARKETING_VERSION = 1.0.0;
				PRODUCT_BUNDLE_IDENTIFIER = ind.azumax.Zebra;
				PRODUCT_NAME = "$(TARGET_NAME)";
				SWIFT_VERSION = 5.0;
				TARGETED_DEVICE_FAMILY = "1,2";
			};
			name = Release;
		};
		F268973725736B3B00D23FBE /* Debug */ = {
			isa = XCBuildConfiguration;
			buildSettings = {
				ALWAYS_EMBED_SWIFT_STANDARD_LIBRARIES = YES;
				BUNDLE_LOADER = "$(TEST_HOST)";
				CODE_SIGN_STYLE = Automatic;
				DEVELOPMENT_TEAM = CWW3CV2X72;
				INFOPLIST_FILE = LogTests/Info.plist;
				IPHONEOS_DEPLOYMENT_TARGET = 14.0;
				LD_RUNPATH_SEARCH_PATHS = (
					"$(inherited)",
					"@executable_path/Frameworks",
					"@loader_path/Frameworks",
				);
				PRODUCT_BUNDLE_IDENTIFIER = ind.azumax.LogTests;
				PRODUCT_NAME = "$(TARGET_NAME)";
				SWIFT_VERSION = 5.0;
				TARGETED_DEVICE_FAMILY = "1,2";
				TEST_HOST = "$(BUILT_PRODUCTS_DIR)/Log.app/Log";
			};
			name = Debug;
		};
		F268973825736B3B00D23FBE /* Release */ = {
			isa = XCBuildConfiguration;
			buildSettings = {
				ALWAYS_EMBED_SWIFT_STANDARD_LIBRARIES = YES;
				BUNDLE_LOADER = "$(TEST_HOST)";
				CODE_SIGN_STYLE = Automatic;
				DEVELOPMENT_TEAM = CWW3CV2X72;
				INFOPLIST_FILE = LogTests/Info.plist;
				IPHONEOS_DEPLOYMENT_TARGET = 14.0;
				LD_RUNPATH_SEARCH_PATHS = (
					"$(inherited)",
					"@executable_path/Frameworks",
					"@loader_path/Frameworks",
				);
				PRODUCT_BUNDLE_IDENTIFIER = ind.azumax.LogTests;
				PRODUCT_NAME = "$(TARGET_NAME)";
				SWIFT_VERSION = 5.0;
				TARGETED_DEVICE_FAMILY = "1,2";
				TEST_HOST = "$(BUILT_PRODUCTS_DIR)/Log.app/Log";
			};
			name = Release;
		};
		F268973A25736B3B00D23FBE /* Debug */ = {
			isa = XCBuildConfiguration;
			buildSettings = {
				ALWAYS_EMBED_SWIFT_STANDARD_LIBRARIES = YES;
				CODE_SIGN_STYLE = Automatic;
				DEVELOPMENT_TEAM = CWW3CV2X72;
				INFOPLIST_FILE = LogUITests/Info.plist;
				LD_RUNPATH_SEARCH_PATHS = (
					"$(inherited)",
					"@executable_path/Frameworks",
					"@loader_path/Frameworks",
				);
				PRODUCT_BUNDLE_IDENTIFIER = ind.azumax.LogUITests;
				PRODUCT_NAME = "$(TARGET_NAME)";
				SWIFT_VERSION = 5.0;
				TARGETED_DEVICE_FAMILY = "1,2";
				TEST_TARGET_NAME = Log;
			};
			name = Debug;
		};
		F268973B25736B3B00D23FBE /* Release */ = {
			isa = XCBuildConfiguration;
			buildSettings = {
				ALWAYS_EMBED_SWIFT_STANDARD_LIBRARIES = YES;
				CODE_SIGN_STYLE = Automatic;
				DEVELOPMENT_TEAM = CWW3CV2X72;
				INFOPLIST_FILE = LogUITests/Info.plist;
				LD_RUNPATH_SEARCH_PATHS = (
					"$(inherited)",
					"@executable_path/Frameworks",
					"@loader_path/Frameworks",
				);
				PRODUCT_BUNDLE_IDENTIFIER = ind.azumax.LogUITests;
				PRODUCT_NAME = "$(TARGET_NAME)";
				SWIFT_VERSION = 5.0;
				TARGETED_DEVICE_FAMILY = "1,2";
				TEST_TARGET_NAME = Log;
			};
			name = Release;
		};
/* End XCBuildConfiguration section */

/* Begin XCConfigurationList section */
		F268970925736B3900D23FBE /* Build configuration list for PBXProject "Log" */ = {
			isa = XCConfigurationList;
			buildConfigurations = (
				F268973125736B3B00D23FBE /* Debug */,
				F268973225736B3B00D23FBE /* Release */,
			);
			defaultConfigurationIsVisible = 0;
			defaultConfigurationName = Release;
		};
		F268973325736B3B00D23FBE /* Build configuration list for PBXNativeTarget "Log" */ = {
			isa = XCConfigurationList;
			buildConfigurations = (
				F268973425736B3B00D23FBE /* Debug */,
				F268973525736B3B00D23FBE /* Release */,
			);
			defaultConfigurationIsVisible = 0;
			defaultConfigurationName = Release;
		};
		F268973625736B3B00D23FBE /* Build configuration list for PBXNativeTarget "LogTests" */ = {
			isa = XCConfigurationList;
			buildConfigurations = (
				F268973725736B3B00D23FBE /* Debug */,
				F268973825736B3B00D23FBE /* Release */,
			);
			defaultConfigurationIsVisible = 0;
			defaultConfigurationName = Release;
		};
		F268973925736B3B00D23FBE /* Build configuration list for PBXNativeTarget "LogUITests" */ = {
			isa = XCConfigurationList;
			buildConfigurations = (
				F268973A25736B3B00D23FBE /* Debug */,
				F268973B25736B3B00D23FBE /* Release */,
			);
			defaultConfigurationIsVisible = 0;
			defaultConfigurationName = Release;
		};
/* End XCConfigurationList section */

/* Begin XCRemoteSwiftPackageReference section */
		F21B023F259EAC7300999C89 /* XCRemoteSwiftPackageReference "firebase-ios-sdk" */ = {
			isa = XCRemoteSwiftPackageReference;
			repositoryURL = "https://github.com/firebase/firebase-ios-sdk.git";
			requirement = {
				kind = upToNextMajorVersion;
				minimumVersion = 7.3.1;
			};
		};
		F21B0259259EC1B100999C89 /* XCRemoteSwiftPackageReference "Disk" */ = {
			isa = XCRemoteSwiftPackageReference;
			repositoryURL = "git@github.com:saoudrizwan/Disk.git";
			requirement = {
				kind = upToNextMajorVersion;
				minimumVersion = 0.6.4;
			};
		};
		F22EB1DF259F076F003FF8A9 /* XCRemoteSwiftPackageReference "Resolver" */ = {
			isa = XCRemoteSwiftPackageReference;
			repositoryURL = "git@github.com:hmlongco/Resolver.git";
			requirement = {
				kind = upToNextMajorVersion;
				minimumVersion = 1.2.1;
			};
		};
		F2343B8925AC381700C36011 /* XCRemoteSwiftPackageReference "SwiftDate" */ = {
			isa = XCRemoteSwiftPackageReference;
			repositoryURL = "git@github.com:malcommac/SwiftDate.git";
			requirement = {
				kind = upToNextMajorVersion;
				minimumVersion = 6.3.1;
			};
		};
		F2343B8F25ADE6F700C36011 /* XCRemoteSwiftPackageReference "Hero" */ = {
			isa = XCRemoteSwiftPackageReference;
			repositoryURL = "git@github.com:HeroTransitions/Hero.git";
			requirement = {
				kind = upToNextMajorVersion;
				minimumVersion = 1.5.0;
			};
		};
		F268974D2573785C00D23FBE /* XCRemoteSwiftPackageReference "DynamicColor" */ = {
			isa = XCRemoteSwiftPackageReference;
			repositoryURL = "https://github.com/yannickl/DynamicColor";
			requirement = {
				kind = upToNextMajorVersion;
				minimumVersion = 5.0.1;
			};
		};
/* End XCRemoteSwiftPackageReference section */

/* Begin XCSwiftPackageProductDependency section */
		F21B0240259EAC7300999C89 /* FirebaseAnalytics */ = {
			isa = XCSwiftPackageProductDependency;
			package = F21B023F259EAC7300999C89 /* XCRemoteSwiftPackageReference "firebase-ios-sdk" */;
			productName = FirebaseAnalytics;
		};
		F21B0242259EAC7300999C89 /* FirebaseFirestoreSwift-Beta */ = {
			isa = XCSwiftPackageProductDependency;
			package = F21B023F259EAC7300999C89 /* XCRemoteSwiftPackageReference "firebase-ios-sdk" */;
			productName = "FirebaseFirestoreSwift-Beta";
		};
		F21B0244259EAC7300999C89 /* FirebaseAuth */ = {
			isa = XCSwiftPackageProductDependency;
			package = F21B023F259EAC7300999C89 /* XCRemoteSwiftPackageReference "firebase-ios-sdk" */;
			productName = FirebaseAuth;
		};
		F21B0246259EAC7300999C89 /* FirebaseFirestore */ = {
			isa = XCSwiftPackageProductDependency;
			package = F21B023F259EAC7300999C89 /* XCRemoteSwiftPackageReference "firebase-ios-sdk" */;
			productName = FirebaseFirestore;
		};
		F21B025A259EC1B100999C89 /* Disk */ = {
			isa = XCSwiftPackageProductDependency;
			package = F21B0259259EC1B100999C89 /* XCRemoteSwiftPackageReference "Disk" */;
			productName = Disk;
		};
		F21B0263259ED70100999C89 /* FirebaseFunctions */ = {
			isa = XCSwiftPackageProductDependency;
			package = F21B023F259EAC7300999C89 /* XCRemoteSwiftPackageReference "firebase-ios-sdk" */;
			productName = FirebaseFunctions;
		};
		F22EB1E0259F076F003FF8A9 /* Resolver */ = {
			isa = XCSwiftPackageProductDependency;
			package = F22EB1DF259F076F003FF8A9 /* XCRemoteSwiftPackageReference "Resolver" */;
			productName = Resolver;
		};
		F2343B8A25AC381700C36011 /* SwiftDateStatic */ = {
			isa = XCSwiftPackageProductDependency;
			package = F2343B8925AC381700C36011 /* XCRemoteSwiftPackageReference "SwiftDate" */;
			productName = SwiftDateStatic;
		};
		F2343B9025ADE6F700C36011 /* Hero */ = {
			isa = XCSwiftPackageProductDependency;
			package = F2343B8F25ADE6F700C36011 /* XCRemoteSwiftPackageReference "Hero" */;
			productName = Hero;
		};
		F268974E2573785C00D23FBE /* DynamicColor */ = {
			isa = XCSwiftPackageProductDependency;
			package = F268974D2573785C00D23FBE /* XCRemoteSwiftPackageReference "DynamicColor" */;
			productName = DynamicColor;
		};
/* End XCSwiftPackageProductDependency section */
	};
	rootObject = F268970625736B3900D23FBE /* Project object */;
}
